// !$*UTF8*$!
{
	archiveVersion = 1;
	classes = {
	};
	objectVersion = 46;
	objects = {

/* Begin PBXBuildFile section */
		8ACE8BFF1DD7EA1D00E5480F /* Accelerate.framework in Frameworks */ = {isa = PBXBuildFile; fileRef = 8ACE8BFE1DD7EA1D00E5480F /* Accelerate.framework */; };
		8ACE8C011DD7EA3500E5480F /* AVFoundation.framework in Frameworks */ = {isa = PBXBuildFile; fileRef = 8ACE8C001DD7EA3500E5480F /* AVFoundation.framework */; };
		8ACE8C031DD7EA4900E5480F /* Foundation.framework in Frameworks */ = {isa = PBXBuildFile; fileRef = 8ACE8C021DD7EA4800E5480F /* Foundation.framework */; };
		8ACE8C051DD7EA5700E5480F /* UIKit.framework in Frameworks */ = {isa = PBXBuildFile; fileRef = 8ACE8C041DD7EA5700E5480F /* UIKit.framework */; };
		8ACE8C071DD7EA6200E5480F /* QuartzCore.framework in Frameworks */ = {isa = PBXBuildFile; fileRef = 8ACE8C061DD7EA6200E5480F /* QuartzCore.framework */; };
		8ACE8C0C1DD7EA8400E5480F /* CoreGraphics.framework in Frameworks */ = {isa = PBXBuildFile; fileRef = 8ACE8C081DD7EA8400E5480F /* CoreGraphics.framework */; };
		8ACE8C0D1DD7EA8400E5480F /* CoreImage.framework in Frameworks */ = {isa = PBXBuildFile; fileRef = 8ACE8C091DD7EA8400E5480F /* CoreImage.framework */; };
		8ACE8C0E1DD7EA8400E5480F /* CoreMedia.framework in Frameworks */ = {isa = PBXBuildFile; fileRef = 8ACE8C0A1DD7EA8400E5480F /* CoreMedia.framework */; };
		8ACE8C0F1DD7EA8400E5480F /* CoreVideo.framework in Frameworks */ = {isa = PBXBuildFile; fileRef = 8ACE8C0B1DD7EA8400E5480F /* CoreVideo.framework */; };
		8ACE8C111DD7EA8C00E5480F /* AssetsLibrary.framework in Frameworks */ = {isa = PBXBuildFile; fileRef = 8ACE8C101DD7EA8C00E5480F /* AssetsLibrary.framework */; };
		8ADDA0DB1DDE736C00646FCE /* main.m in Sources */ = {isa = PBXBuildFile; fileRef = 8ADDA0DA1DDE736C00646FCE /* main.m */; };
		8ADDA0DE1DDE736D00646FCE /* AppDelegate.m in Sources */ = {isa = PBXBuildFile; fileRef = 8ADDA0DD1DDE736D00646FCE /* AppDelegate.m */; };
		8ADDA0E11DDE736D00646FCE /* ViewController.mm in Sources */ = {isa = PBXBuildFile; fileRef = 8ADDA0E01DDE736D00646FCE /* ViewController.mm */; };
		8ADDA0E41DDE736D00646FCE /* Main.storyboard in Resources */ = {isa = PBXBuildFile; fileRef = 8ADDA0E21DDE736D00646FCE /* Main.storyboard */; };
		8ADDA0E61DDE736D00646FCE /* Assets.xcassets in Resources */ = {isa = PBXBuildFile; fileRef = 8ADDA0E51DDE736D00646FCE /* Assets.xcassets */; };
		8ADDA0E91DDE736D00646FCE /* LaunchScreen.storyboard in Resources */ = {isa = PBXBuildFile; fileRef = 8ADDA0E71DDE736D00646FCE /* LaunchScreen.storyboard */; };
		8ADDA0FB1DDE73DD00646FCE /* opencv2.framework in Frameworks */ = {isa = PBXBuildFile; fileRef = 8ADDA0F01DDE73DD00646FCE /* opencv2.framework */; };
		8ADDA1081DDE73DD00646FCE /* MOSSE.mm in Sources */ = {isa = PBXBuildFile; fileRef = 8ADDA1071DDE73DD00646FCE /* MOSSE.mm */; };
		8ADDA10B1DDE73DD00646FCE /* MyVideoCamera.mm in Sources */ = {isa = PBXBuildFile; fileRef = 8ADDA1091DDE73DD00646FCE /* MyVideoCamera.mm */; };
/* End PBXBuildFile section */

/* Begin PBXFileReference section */
		8ACE8BFE1DD7EA1D00E5480F /* Accelerate.framework */ = {isa = PBXFileReference; lastKnownFileType = wrapper.framework; name = Accelerate.framework; path = System/Library/Frameworks/Accelerate.framework; sourceTree = SDKROOT; };
		8ACE8C001DD7EA3500E5480F /* AVFoundation.framework */ = {isa = PBXFileReference; lastKnownFileType = wrapper.framework; name = AVFoundation.framework; path = System/Library/Frameworks/AVFoundation.framework; sourceTree = SDKROOT; };
		8ACE8C021DD7EA4800E5480F /* Foundation.framework */ = {isa = PBXFileReference; lastKnownFileType = wrapper.framework; name = Foundation.framework; path = System/Library/Frameworks/Foundation.framework; sourceTree = SDKROOT; };
		8ACE8C041DD7EA5700E5480F /* UIKit.framework */ = {isa = PBXFileReference; lastKnownFileType = wrapper.framework; name = UIKit.framework; path = System/Library/Frameworks/UIKit.framework; sourceTree = SDKROOT; };
		8ACE8C061DD7EA6200E5480F /* QuartzCore.framework */ = {isa = PBXFileReference; lastKnownFileType = wrapper.framework; name = QuartzCore.framework; path = System/Library/Frameworks/QuartzCore.framework; sourceTree = SDKROOT; };
		8ACE8C081DD7EA8400E5480F /* CoreGraphics.framework */ = {isa = PBXFileReference; lastKnownFileType = wrapper.framework; name = CoreGraphics.framework; path = System/Library/Frameworks/CoreGraphics.framework; sourceTree = SDKROOT; };
		8ACE8C091DD7EA8400E5480F /* CoreImage.framework */ = {isa = PBXFileReference; lastKnownFileType = wrapper.framework; name = CoreImage.framework; path = System/Library/Frameworks/CoreImage.framework; sourceTree = SDKROOT; };
		8ACE8C0A1DD7EA8400E5480F /* CoreMedia.framework */ = {isa = PBXFileReference; lastKnownFileType = wrapper.framework; name = CoreMedia.framework; path = System/Library/Frameworks/CoreMedia.framework; sourceTree = SDKROOT; };
		8ACE8C0B1DD7EA8400E5480F /* CoreVideo.framework */ = {isa = PBXFileReference; lastKnownFileType = wrapper.framework; name = CoreVideo.framework; path = System/Library/Frameworks/CoreVideo.framework; sourceTree = SDKROOT; };
		8ACE8C101DD7EA8C00E5480F /* AssetsLibrary.framework */ = {isa = PBXFileReference; lastKnownFileType = wrapper.framework; name = AssetsLibrary.framework; path = System/Library/Frameworks/AssetsLibrary.framework; sourceTree = SDKROOT; };
		8ADDA0D61DDE736C00646FCE /* project16623.app */ = {isa = PBXFileReference; explicitFileType = wrapper.application; includeInIndex = 0; path = project16623.app; sourceTree = BUILT_PRODUCTS_DIR; };
		8ADDA0DA1DDE736C00646FCE /* main.m */ = {isa = PBXFileReference; lastKnownFileType = sourcecode.c.objc; path = main.m; sourceTree = "<group>"; };
		8ADDA0DC1DDE736D00646FCE /* AppDelegate.h */ = {isa = PBXFileReference; lastKnownFileType = sourcecode.c.h; path = AppDelegate.h; sourceTree = "<group>"; };
		8ADDA0DD1DDE736D00646FCE /* AppDelegate.m */ = {isa = PBXFileReference; lastKnownFileType = sourcecode.c.objc; path = AppDelegate.m; sourceTree = "<group>"; };
		8ADDA0DF1DDE736D00646FCE /* ViewController.h */ = {isa = PBXFileReference; lastKnownFileType = sourcecode.c.h; path = ViewController.h; sourceTree = "<group>"; };
		8ADDA0E01DDE736D00646FCE /* ViewController.mm */ = {isa = PBXFileReference; lastKnownFileType = sourcecode.cpp.objcpp; path = ViewController.mm; sourceTree = "<group>"; };
		8ADDA0E31DDE736D00646FCE /* Base */ = {isa = PBXFileReference; lastKnownFileType = file.storyboard; name = Base; path = Base.lproj/Main.storyboard; sourceTree = "<group>"; };
		8ADDA0E51DDE736D00646FCE /* Assets.xcassets */ = {isa = PBXFileReference; lastKnownFileType = folder.assetcatalog; path = Assets.xcassets; sourceTree = "<group>"; };
		8ADDA0E81DDE736D00646FCE /* Base */ = {isa = PBXFileReference; lastKnownFileType = file.storyboard; name = Base; path = Base.lproj/LaunchScreen.storyboard; sourceTree = "<group>"; };
		8ADDA0EA1DDE736D00646FCE /* Info.plist */ = {isa = PBXFileReference; lastKnownFileType = text.plist.xml; path = Info.plist; sourceTree = "<group>"; };
		8ADDA0F01DDE73DD00646FCE /* opencv2.framework */ = {isa = PBXFileReference; lastKnownFileType = wrapper.framework; path = opencv2.framework; sourceTree = "<group>"; };
		8ADDA1061DDE73DD00646FCE /* MOSSE.h */ = {isa = PBXFileReference; fileEncoding = 4; lastKnownFileType = sourcecode.c.h; path = MOSSE.h; sourceTree = "<group>"; };
		8ADDA1071DDE73DD00646FCE /* MOSSE.mm */ = {isa = PBXFileReference; fileEncoding = 4; lastKnownFileType = sourcecode.cpp.objcpp; path = MOSSE.mm; sourceTree = "<group>"; };
		8ADDA1091DDE73DD00646FCE /* MyVideoCamera.mm */ = {isa = PBXFileReference; fileEncoding = 4; lastKnownFileType = sourcecode.cpp.objcpp; path = MyVideoCamera.mm; sourceTree = "<group>"; };
		8ADDA10A1DDE73DD00646FCE /* MyVideoCamera.h */ = {isa = PBXFileReference; fileEncoding = 4; lastKnownFileType = sourcecode.c.h; path = MyVideoCamera.h; sourceTree = "<group>"; };
/* End PBXFileReference section */

/* Begin PBXFrameworksBuildPhase section */
		8ADDA0D31DDE736C00646FCE /* Frameworks */ = {
			isa = PBXFrameworksBuildPhase;
			buildActionMask = 2147483647;
			files = (
				8ACE8C111DD7EA8C00E5480F /* AssetsLibrary.framework in Frameworks */,
				8ACE8C0C1DD7EA8400E5480F /* CoreGraphics.framework in Frameworks */,
				8ACE8C0D1DD7EA8400E5480F /* CoreImage.framework in Frameworks */,
				8ACE8C0E1DD7EA8400E5480F /* CoreMedia.framework in Frameworks */,
				8ACE8C0F1DD7EA8400E5480F /* CoreVideo.framework in Frameworks */,
				8ACE8C071DD7EA6200E5480F /* QuartzCore.framework in Frameworks */,
				8ACE8C051DD7EA5700E5480F /* UIKit.framework in Frameworks */,
				8ACE8C031DD7EA4900E5480F /* Foundation.framework in Frameworks */,
				8ACE8C011DD7EA3500E5480F /* AVFoundation.framework in Frameworks */,
				8ACE8BFF1DD7EA1D00E5480F /* Accelerate.framework in Frameworks */,
				8ADDA0FB1DDE73DD00646FCE /* opencv2.framework in Frameworks */,
			);
			runOnlyForDeploymentPostprocessing = 0;
		};
/* End PBXFrameworksBuildPhase section */

/* Begin PBXGroup section */
		8ADDA0CD1DDE736C00646FCE = {
			isa = PBXGroup;
			children = (
				8ACE8C101DD7EA8C00E5480F /* AssetsLibrary.framework */,
				8ACE8C081DD7EA8400E5480F /* CoreGraphics.framework */,
				8ACE8C091DD7EA8400E5480F /* CoreImage.framework */,
				8ACE8C0A1DD7EA8400E5480F /* CoreMedia.framework */,
				8ACE8C0B1DD7EA8400E5480F /* CoreVideo.framework */,
				8ACE8C061DD7EA6200E5480F /* QuartzCore.framework */,
				8ACE8C041DD7EA5700E5480F /* UIKit.framework */,
				8ACE8C021DD7EA4800E5480F /* Foundation.framework */,
				8ACE8C001DD7EA3500E5480F /* AVFoundation.framework */,
				8ACE8BFE1DD7EA1D00E5480F /* Accelerate.framework */,
				8ADDA0F01DDE73DD00646FCE /* opencv2.framework */,
				8ADDA0D81DDE736C00646FCE /* project16623 */,
				8ADDA0D71DDE736C00646FCE /* Products */,
			);
			sourceTree = "<group>";
		};
		8ADDA0D71DDE736C00646FCE /* Products */ = {
			isa = PBXGroup;
			children = (
				8ADDA0D61DDE736C00646FCE /* project16623.app */,
			);
			name = Products;
			sourceTree = "<group>";
		};
		8ADDA0D81DDE736C00646FCE /* project16623 */ = {
			isa = PBXGroup;
			children = (
				8ADDA1091DDE73DD00646FCE /* MyVideoCamera.mm */,
				8ADDA10A1DDE73DD00646FCE /* MyVideoCamera.h */,
				8ADDA1061DDE73DD00646FCE /* MOSSE.h */,
				8ADDA1071DDE73DD00646FCE /* MOSSE.mm */,
				8ADDA0DC1DDE736D00646FCE /* AppDelegate.h */,
				8ADDA0DD1DDE736D00646FCE /* AppDelegate.m */,
				8ADDA0DF1DDE736D00646FCE /* ViewController.h */,
				8ADDA0E01DDE736D00646FCE /* ViewController.mm */,
				8ADDA0E21DDE736D00646FCE /* Main.storyboard */,
				8ADDA0E51DDE736D00646FCE /* Assets.xcassets */,
				8ADDA0E71DDE736D00646FCE /* LaunchScreen.storyboard */,
				8ADDA0EA1DDE736D00646FCE /* Info.plist */,
				8ADDA0D91DDE736C00646FCE /* Supporting Files */,
			);
			path = project16623;
			sourceTree = "<group>";
		};
		8ADDA0D91DDE736C00646FCE /* Supporting Files */ = {
			isa = PBXGroup;
			children = (
				8ADDA0DA1DDE736C00646FCE /* main.m */,
			);
			name = "Supporting Files";
			sourceTree = "<group>";
		};
/* End PBXGroup section */

/* Begin PBXNativeTarget section */
		8ADDA0D51DDE736C00646FCE /* project16623 */ = {
			isa = PBXNativeTarget;
			buildConfigurationList = 8ADDA0ED1DDE736D00646FCE /* Build configuration list for PBXNativeTarget "project16623" */;
			buildPhases = (
				8ADDA0D21DDE736C00646FCE /* Sources */,
				8ADDA0D31DDE736C00646FCE /* Frameworks */,
				8ADDA0D41DDE736C00646FCE /* Resources */,
			);
			buildRules = (
			);
			dependencies = (
			);
			name = project16623;
			productName = project16623;
			productReference = 8ADDA0D61DDE736C00646FCE /* project16623.app */;
			productType = "com.apple.product-type.application";
		};
/* End PBXNativeTarget section */

/* Begin PBXProject section */
		8ADDA0CE1DDE736C00646FCE /* Project object */ = {
			isa = PBXProject;
			attributes = {
				LastUpgradeCheck = 0730;
				ORGANIZATIONNAME = "geetesh dubey";
				TargetAttributes = {
					8ADDA0D51DDE736C00646FCE = {
						CreatedOnToolsVersion = 7.3.1;
						DevelopmentTeam = T4344N5Q98;
					};
				};
			};
			buildConfigurationList = 8ADDA0D11DDE736C00646FCE /* Build configuration list for PBXProject "project16623" */;
			compatibilityVersion = "Xcode 3.2";
			developmentRegion = English;
			hasScannedForEncodings = 0;
			knownRegions = (
				en,
				Base,
			);
			mainGroup = 8ADDA0CD1DDE736C00646FCE;
			productRefGroup = 8ADDA0D71DDE736C00646FCE /* Products */;
			projectDirPath = "";
			projectRoot = "";
			targets = (
				8ADDA0D51DDE736C00646FCE /* project16623 */,
			);
		};
/* End PBXProject section */

/* Begin PBXResourcesBuildPhase section */
		8ADDA0D41DDE736C00646FCE /* Resources */ = {
			isa = PBXResourcesBuildPhase;
			buildActionMask = 2147483647;
			files = (
				8ADDA0E91DDE736D00646FCE /* LaunchScreen.storyboard in Resources */,
				8ADDA0E61DDE736D00646FCE /* Assets.xcassets in Resources */,
				8ADDA0E41DDE736D00646FCE /* Main.storyboard in Resources */,
			);
			runOnlyForDeploymentPostprocessing = 0;
		};
/* End PBXResourcesBuildPhase section */

/* Begin PBXSourcesBuildPhase section */
		8ADDA0D21DDE736C00646FCE /* Sources */ = {
			isa = PBXSourcesBuildPhase;
			buildActionMask = 2147483647;
			files = (
				8ADDA0E11DDE736D00646FCE /* ViewController.mm in Sources */,
				8ADDA10B1DDE73DD00646FCE /* MyVideoCamera.mm in Sources */,
				8ADDA1081DDE73DD00646FCE /* MOSSE.mm in Sources */,
				8ADDA0DE1DDE736D00646FCE /* AppDelegate.m in Sources */,
				8ADDA0DB1DDE736C00646FCE /* main.m in Sources */,
			);
			runOnlyForDeploymentPostprocessing = 0;
		};
/* End PBXSourcesBuildPhase section */

/* Begin PBXVariantGroup section */
		8ADDA0E21DDE736D00646FCE /* Main.storyboard */ = {
			isa = PBXVariantGroup;
			children = (
				8ADDA0E31DDE736D00646FCE /* Base */,
			);
			name = Main.storyboard;
			sourceTree = "<group>";
		};
		8ADDA0E71DDE736D00646FCE /* LaunchScreen.storyboard */ = {
			isa = PBXVariantGroup;
			children = (
				8ADDA0E81DDE736D00646FCE /* Base */,
			);
			name = LaunchScreen.storyboard;
			sourceTree = "<group>";
		};
/* End PBXVariantGroup section */

/* Begin XCBuildConfiguration section */
		8ADDA0EB1DDE736D00646FCE /* Debug */ = {
			isa = XCBuildConfiguration;
			buildSettings = {
				ALWAYS_SEARCH_USER_PATHS = NO;
				CLANG_ANALYZER_NONNULL = YES;
				CLANG_CXX_LANGUAGE_STANDARD = "gnu++0x";
				CLANG_CXX_LIBRARY = "libc++";
				CLANG_ENABLE_MODULES = YES;
				CLANG_ENABLE_OBJC_ARC = YES;
				CLANG_WARN_BOOL_CONVERSION = YES;
				CLANG_WARN_CONSTANT_CONVERSION = YES;
				CLANG_WARN_DIRECT_OBJC_ISA_USAGE = YES_ERROR;
				CLANG_WARN_EMPTY_BODY = YES;
				CLANG_WARN_ENUM_CONVERSION = YES;
				CLANG_WARN_INT_CONVERSION = YES;
				CLANG_WARN_OBJC_ROOT_CLASS = YES_ERROR;
				CLANG_WARN_UNREACHABLE_CODE = YES;
				CLANG_WARN__DUPLICATE_METHOD_MATCH = YES;
				"CODE_SIGN_IDENTITY[sdk=iphoneos*]" = "iPhone Developer";
				COPY_PHASE_STRIP = NO;
				DEBUG_INFORMATION_FORMAT = dwarf;
				ENABLE_STRICT_OBJC_MSGSEND = YES;
				ENABLE_TESTABILITY = YES;
				GCC_C_LANGUAGE_STANDARD = gnu99;
				GCC_DYNAMIC_NO_PIC = NO;
				GCC_NO_COMMON_BLOCKS = YES;
				GCC_OPTIMIZATION_LEVEL = 0;
				GCC_PREPROCESSOR_DEFINITIONS = (
					"DEBUG=1",
					"$(inherited)",
				);
				GCC_WARN_64_TO_32_BIT_CONVERSION = YES;
				GCC_WARN_ABOUT_RETURN_TYPE = YES_ERROR;
				GCC_WARN_UNDECLARED_SELECTOR = YES;
				GCC_WARN_UNINITIALIZED_AUTOS = YES_AGGRESSIVE;
				GCC_WARN_UNUSED_FUNCTION = YES;
				GCC_WARN_UNUSED_VARIABLE = YES;
				IPHONEOS_DEPLOYMENT_TARGET = 9.3;
				MTL_ENABLE_DEBUG_INFO = YES;
				ONLY_ACTIVE_ARCH = YES;
				SDKROOT = iphoneos;
				TARGETED_DEVICE_FAMILY = "1,2";
			};
			name = Debug;
		};
		8ADDA0EC1DDE736D00646FCE /* Release */ = {
			isa = XCBuildConfiguration;
			buildSettings = {
				ALWAYS_SEARCH_USER_PATHS = NO;
				CLANG_ANALYZER_NONNULL = YES;
				CLANG_CXX_LANGUAGE_STANDARD = "gnu++0x";
				CLANG_CXX_LIBRARY = "libc++";
				CLANG_ENABLE_MODULES = YES;
				CLANG_ENABLE_OBJC_ARC = YES;
				CLANG_WARN_BOOL_CONVERSION = YES;
				CLANG_WARN_CONSTANT_CONVERSION = YES;
				CLANG_WARN_DIRECT_OBJC_ISA_USAGE = YES_ERROR;
				CLANG_WARN_EMPTY_BODY = YES;
				CLANG_WARN_ENUM_CONVERSION = YES;
				CLANG_WARN_INT_CONVERSION = YES;
				CLANG_WARN_OBJC_ROOT_CLASS = YES_ERROR;
				CLANG_WARN_UNREACHABLE_CODE = YES;
				CLANG_WARN__DUPLICATE_METHOD_MATCH = YES;
				"CODE_SIGN_IDENTITY[sdk=iphoneos*]" = "iPhone Developer";
				COPY_PHASE_STRIP = NO;
				DEBUG_INFORMATION_FORMAT = "dwarf-with-dsym";
				ENABLE_NS_ASSERTIONS = NO;
				ENABLE_STRICT_OBJC_MSGSEND = YES;
				GCC_C_LANGUAGE_STANDARD = gnu99;
				GCC_NO_COMMON_BLOCKS = YES;
				GCC_WARN_64_TO_32_BIT_CONVERSION = YES;
				GCC_WARN_ABOUT_RETURN_TYPE = YES_ERROR;
				GCC_WARN_UNDECLARED_SELECTOR = YES;
				GCC_WARN_UNINITIALIZED_AUTOS = YES_AGGRESSIVE;
				GCC_WARN_UNUSED_FUNCTION = YES;
				GCC_WARN_UNUSED_VARIABLE = YES;
				IPHONEOS_DEPLOYMENT_TARGET = 9.3;
				MTL_ENABLE_DEBUG_INFO = NO;
				SDKROOT = iphoneos;
				TARGETED_DEVICE_FAMILY = "1,2";
				VALIDATE_PRODUCT = YES;
			};
			name = Release;
		};
		8ADDA0EE1DDE736D00646FCE /* Debug */ = {
			isa = XCBuildConfiguration;
			buildSettings = {
				ASSETCATALOG_COMPILER_APPICON_NAME = AppIcon;
				CLANG_ALLOW_NON_MODULAR_INCLUDES_IN_FRAMEWORK_MODULES = NO;
				CLANG_ANALYZER_NONNULL = NO;
				CODE_SIGN_IDENTITY = "iPhone Developer";
				"CODE_SIGN_IDENTITY[sdk=iphoneos*]" = "iPhone Developer";
				ENABLE_BITCODE = NO;
				FRAMEWORK_SEARCH_PATHS = (
					"$(inherited)",
					"$(PROJECT_DIR)",
				);
				INFOPLIST_FILE = project16623/Info.plist;
				IPHONEOS_DEPLOYMENT_TARGET = 9.3;
				LD_RUNPATH_SEARCH_PATHS = "$(inherited) @executable_path/Frameworks";
				PRODUCT_BUNDLE_IDENTIFIER = gd.project16623;
				PRODUCT_NAME = "$(TARGET_NAME)";
				PROVISIONING_PROFILE = "";
			};
			name = Debug;
		};
		8ADDA0EF1DDE736D00646FCE /* Release */ = {
			isa = XCBuildConfiguration;
			buildSettings = {
				ASSETCATALOG_COMPILER_APPICON_NAME = AppIcon;
				CLANG_ALLOW_NON_MODULAR_INCLUDES_IN_FRAMEWORK_MODULES = NO;
				CLANG_ANALYZER_NONNULL = NO;
				CODE_SIGN_IDENTITY = "iPhone Developer";
				"CODE_SIGN_IDENTITY[sdk=iphoneos*]" = "iPhone Developer";
				ENABLE_BITCODE = NO;
				FRAMEWORK_SEARCH_PATHS = (
					"$(inherited)",
					"$(PROJECT_DIR)",
				);
				INFOPLIST_FILE = project16623/Info.plist;
				IPHONEOS_DEPLOYMENT_TARGET = 9.3;
				LD_RUNPATH_SEARCH_PATHS = "$(inherited) @executable_path/Frameworks";
				PRODUCT_BUNDLE_IDENTIFIER = gd.project16623;
				PRODUCT_NAME = "$(TARGET_NAME)";
				PROVISIONING_PROFILE = "";
			};
			name = Release;
		};
/* End XCBuildConfiguration section */

/* Begin XCConfigurationList section */
		8ADDA0D11DDE736C00646FCE /* Build configuration list for PBXProject "project16623" */ = {
			isa = XCConfigurationList;
			buildConfigurations = (
				8ADDA0EB1DDE736D00646FCE /* Debug */,
				8ADDA0EC1DDE736D00646FCE /* Release */,
			);
			defaultConfigurationIsVisible = 0;
			defaultConfigurationName = Release;
		};
		8ADDA0ED1DDE736D00646FCE /* Build configuration list for PBXNativeTarget "project16623" */ = {
			isa = XCConfigurationList;
			buildConfigurations = (
				8ADDA0EE1DDE736D00646FCE /* Debug */,
				8ADDA0EF1DDE736D00646FCE /* Release */,
			);
			defaultConfigurationIsVisible = 0;
			defaultConfigurationName = Release;
		};
/* End XCConfigurationList section */
	};
	rootObject = 8ADDA0CE1DDE736C00646FCE /* Project object */;
}
